
Microsoft Visual Studio Solution File, Format Version 12.00
# Visual Studio Version 16
VisualStudioVersion = 16.0.28803.452
MinimumVisualStudioVersion = 10.0.40219.1
Project("{FAE04EC0-301F-11D3-BF4B-00C04F79EFBC}") = "FarmTogetherTools", "FarmTogetherTools\FarmTogetherTools.csproj", "{17A9ED7C-FED4-45F9-8C87-04DF290A063F}"
EndProject
Project("{FAE04EC0-301F-11D3-BF4B-00C04F79EFBC}") = "FarmTogetherDebug", "FarmTogetherDebug\FarmTogetherDebug.csproj", "{29AC55E5-D61B-424B-9398-C3FBDA0A2070}"
EndProject
Project("{FAE04EC0-301F-11D3-BF4B-00C04F79EFBC}") = "FarmTogetherToolsLib", "FarmTogetherToolsLib\FarmTogetherToolsLib.csproj", "{539415F7-B5F4-497E-9587-4A4BF58CB938}"
EndProject
Global
	GlobalSection(SolutionConfigurationPlatforms) = preSolution
		Debug|Any CPU = Debug|Any CPU
		Release|Any CPU = Release|Any CPU
	EndGlobalSection
	GlobalSection(ProjectConfigurationPlatforms) = postSolution
		{17A9ED7C-FED4-45F9-8C87-04DF290A063F}.Debug|Any CPU.ActiveCfg = Debug|Any CPU
		{17A9ED7C-FED4-45F9-8C87-04DF290A063F}.Debug|Any CPU.Build.0 = Debug|Any CPU
		{17A9ED7C-FED4-45F9-8C87-04DF290A063F}.Release|Any CPU.ActiveCfg = Release|Any CPU
		{17A9ED7C-FED4-45F9-8C87-04DF290A063F}.Release|Any CPU.Build.0 = Release|Any CPU
		{29AC55E5-D61B-424B-9398-C3FBDA0A2070}.Debug|Any CPU.ActiveCfg = Debug|Any CPU
		{29AC55E5-D61B-424B-9398-C3FBDA0A2070}.Debug|Any CPU.Build.0 = Debug|Any CPU
		{29AC55E5-D61B-424B-9398-C3FBDA0A2070}.Release|Any CPU.ActiveCfg = Release|Any CPU
		{29AC55E5-D61B-424B-9398-C3FBDA0A2070}.Release|Any CPU.Build.0 = Release|Any CPU
		{539415F7-B5F4-497E-9587-4A4BF58CB938}.Debug|Any CPU.ActiveCfg = Debug|Any CPU
		{539415F7-B5F4-497E-9587-4A4BF58CB938}.Debug|Any CPU.Build.0 = Debug|Any CPU
		{539415F7-B5F4-497E-9587-4A4BF58CB938}.Release|Any CPU.ActiveCfg = Release|Any CPU
		{539415F7-B5F4-497E-9587-4A4BF58CB938}.Release|Any CPU.Build.0 = Release|Any CPU
	EndGlobalSection
	GlobalSection(SolutionProperties) = preSolution
		HideSolutionNode = FALSE
	EndGlobalSection
	GlobalSection(ExtensibilityGlobals) = postSolution
		SolutionGuid = {624CFFD2-B5E7-492B-890A-99D718102058}
	EndGlobalSection
EndGlobal
